
Microsoft Visual Studio Solution File, Format Version 12.00
# Visual Studio 2013
VisualStudioVersion = 12.0.40629.0
MinimumVisualStudioVersion = 10.0.40219.1
Project("{FAE04EC0-301F-11D3-BF4B-00C04F79EFBC}") = "biz.dfch.CS.Activiti.Client", "biz.dfch.CS.Activiti.Client\biz.dfch.CS.Activiti.Client.csproj", "{247AEFDE-2F08-429D-905E-3E097D4BA01C}"
EndProject
Project("{FAE04EC0-301F-11D3-BF4B-00C04F79EFBC}") = "biz.dfch.CS.Activiti.Client.Tests", "biz.dfch.CS.Activiti.Client.Tests\biz.dfch.CS.Activiti.Client.Tests.csproj", "{F8ACA2F7-8EC9-449D-9B0B-D161414953F3}"
EndProject
Global
	GlobalSection(SolutionConfigurationPlatforms) = preSolution
		Debug|Any CPU = Debug|Any CPU
		Release|Any CPU = Release|Any CPU
	EndGlobalSection
	GlobalSection(ProjectConfigurationPlatforms) = postSolution
		{247AEFDE-2F08-429D-905E-3E097D4BA01C}.Debug|Any CPU.ActiveCfg = Debug|Any CPU
		{247AEFDE-2F08-429D-905E-3E097D4BA01C}.Debug|Any CPU.Build.0 = Debug|Any CPU
		{247AEFDE-2F08-429D-905E-3E097D4BA01C}.Release|Any CPU.ActiveCfg = Release|Any CPU
		{247AEFDE-2F08-429D-905E-3E097D4BA01C}.Release|Any CPU.Build.0 = Release|Any CPU
		{F8ACA2F7-8EC9-449D-9B0B-D161414953F3}.Debug|Any CPU.ActiveCfg = Debug|Any CPU
		{F8ACA2F7-8EC9-449D-9B0B-D161414953F3}.Debug|Any CPU.Build.0 = Debug|Any CPU
		{F8ACA2F7-8EC9-449D-9B0B-D161414953F3}.Release|Any CPU.ActiveCfg = Release|Any CPU
		{F8ACA2F7-8EC9-449D-9B0B-D161414953F3}.Release|Any CPU.Build.0 = Release|Any CPU
	EndGlobalSection
	GlobalSection(SolutionProperties) = preSolution
		HideSolutionNode = FALSE
	EndGlobalSection
EndGlobal
